
Microsoft Visual Studio Solution File, Format Version 12.00
# Visual Studio Version 16
VisualStudioVersion = 16.0.31829.152
MinimumVisualStudioVersion = 10.0.40219.1
Project("{FAE04EC0-301F-11D3-BF4B-00C04F79EFBC}") = "Tarefa3CSharp", "Tarefa3CSharp\Tarefa3CSharp.csproj", "{2C027AFB-A010-4AD9-920B-F40C791A4822}"
EndProject
Global
	GlobalSection(SolutionConfigurationPlatforms) = preSolution
		Debug|Any CPU = Debug|Any CPU
		Release|Any CPU = Release|Any CPU
	EndGlobalSection
	GlobalSection(ProjectConfigurationPlatforms) = postSolution
		{2C027AFB-A010-4AD9-920B-F40C791A4822}.Debug|Any CPU.ActiveCfg = Debug|Any CPU
		{2C027AFB-A010-4AD9-920B-F40C791A4822}.Debug|Any CPU.Build.0 = Debug|Any CPU
		{2C027AFB-A010-4AD9-920B-F40C791A4822}.Release|Any CPU.ActiveCfg = Release|Any CPU
		{2C027AFB-A010-4AD9-920B-F40C791A4822}.Release|Any CPU.Build.0 = Release|Any CPU
	EndGlobalSection
	GlobalSection(SolutionProperties) = preSolution
		HideSolutionNode = FALSE
	EndGlobalSection
	GlobalSection(ExtensibilityGlobals) = postSolution
		SolutionGuid = {B347D368-6422-4A91-A386-8D0EC699C398}
	EndGlobalSection
EndGlobal
